packages:
  - name: github
    package: fivetran/github
    version: 0.9.1
  - name: github_source
    package: fivetran/github_source
    version: 0.9.1
  - name: fivetran_utils
    package: fivetran/fivetran_utils
    version: 0.4.10
  - name: spark_utils
    package: dbt-labs/spark_utils
    version: 0.3.0
  - name: dbt_utils
    package: dbt-labs/dbt_utils
    version: 1.3.0
sha1_hash: cb8552a63d9c6d568aed13049ec3d887d0e3c51a
